<?xml version="1.0" encoding="utf-8"?>
<Project ToolsVersion="4.0" xmlns="http://schemas.microsoft.com/developer/msbuild/2003">
  <ItemGroup>
    <Filter Include="DX12Lib">
      <UniqueIdentifier>{DB241147-4704-90E2-501C-1BB9BC7AF643}</UniqueIdentifier>
    </Filter>
    <Filter Include="DX12Lib\inc">
      <UniqueIdentifier>{64AD9902-D062-12F8-5957-0CCFC50B09FC}</UniqueIdentifier>
    </Filter>
    <Filter Include="DX12Lib\src">
      <UniqueIdentifier>{72D89902-DE8D-12F8-6782-0CCFD33609FC}</UniqueIdentifier>
    </Filter>
    <Filter Include="Tutorial2">
      <UniqueIdentifier>{0B37A211-77A1-5688-C0DF-072E2C8934DD}</UniqueIdentifier>
    </Filter>
    <Filter Include="Tutorial2\inc">
      <UniqueIdentifier>{9457C8F6-0018-442D-C952-8DAA35D28809}</UniqueIdentifier>
    </Filter>
    <Filter Include="Tutorial2\shaders">
      <UniqueIdentifier>{04CF6D3F-70E5-6BD5-B95C-F7F625B23C5D}</UniqueIdentifier>
    </Filter>
    <Filter Include="Tutorial2\src">
      <UniqueIdentifier>{A282C8F6-0E43-442D-D77D-8DAA43FD8809}</UniqueIdentifier>
    </Filter>
  </ItemGroup>
  <ItemGroup>
    <ClInclude Include="Source\DX12Lib\inc\Application.h">
      <Filter>DX12Lib\inc</Filter>
    </ClInclude>
    <ClInclude Include="Source\DX12Lib\inc\CommandQueue.h">
      <Filter>DX12Lib\inc</Filter>
    </ClInclude>
    <ClInclude Include="Source\DX12Lib\inc\DX12LibPCH.h">
      <Filter>DX12Lib\inc</Filter>
    </ClInclude>
    <ClInclude Include="Source\DX12Lib\inc\Events.h">
      <Filter>DX12Lib\inc</Filter>
    </ClInclude>
    <ClInclude Include="Source\DX12Lib\inc\Game.h">
      <Filter>DX12Lib\inc</Filter>
    </ClInclude>
    <ClInclude Include="Source\DX12Lib\inc\Helpers.h">
      <Filter>DX12Lib\inc</Filter>
    </ClInclude>
    <ClInclude Include="Source\DX12Lib\inc\HighResolutionClock.h">
      <Filter>DX12Lib\inc</Filter>
    </ClInclude>
    <ClInclude Include="Source\DX12Lib\inc\KeyCodes.h">
      <Filter>DX12Lib\inc</Filter>
    </ClInclude>
    <ClInclude Include="Source\DX12Lib\inc\Window.h">
      <Filter>DX12Lib\inc</Filter>
    </ClInclude>
    <ClInclude Include="Source\DX12Lib\inc\d3dx12.h">
      <Filter>DX12Lib\inc</Filter>
    </ClInclude>
    <ClInclude Include="Source\DX12Lib\resource.h">
      <Filter>DX12Lib</Filter>
    </ClInclude>
    <ClInclude Include="Source\Tutorial2\inc\Tutorial2.h">
      <Filter>Tutorial2\inc</Filter>
    </ClInclude>
  </ItemGroup>
  <ItemGroup>
    <ClCompile Include="Source\DX12Lib\src\Application.cpp">
      <Filter>DX12Lib\src</Filter>
    </ClCompile>
    <ClCompile Include="Source\DX12Lib\src\CommandQueue.cpp">
      <Filter>DX12Lib\src</Filter>
    </ClCompile>
    <ClCompile Include="Source\DX12Lib\src\DX12LibPCH.cpp">
      <Filter>DX12Lib\src</Filter>
    </ClCompile>
    <ClCompile Include="Source\DX12Lib\src\Game.cpp">
      <Filter>DX12Lib\src</Filter>
    </ClCompile>
    <ClCompile Include="Source\DX12Lib\src\HighResolutionClock.cpp">
      <Filter>DX12Lib\src</Filter>
    </ClCompile>
    <ClCompile Include="Source\DX12Lib\src\Window.cpp">
      <Filter>DX12Lib\src</Filter>
    </ClCompile>
    <ClCompile Include="Source\Tutorial2\src\Tutorial2.cpp">
      <Filter>Tutorial2\src</Filter>
    </ClCompile>
    <ClCompile Include="Source\Tutorial2\src\main.cpp">
      <Filter>Tutorial2\src</Filter>
    </ClCompile>
  </ItemGroup>
  <ItemGroup>
    <FxCompile Include="Source\Tutorial2\shaders\PixelShader-p.hlsl">
      <Filter>Tutorial2\shaders</Filter>
    </FxCompile>
    <FxCompile Include="Source\Tutorial2\shaders\VertexShader-v.hlsl">
      <Filter>Tutorial2\shaders</Filter>
    </FxCompile>
  </ItemGroup>
</Project>